// !$*UTF8*$!
{
	archiveVersion = 1;
	classes = {
	};
	objectVersion = 48;
	objects = {

/* Begin PBXBuildFile section */
		209F9CE202D4BE6F3A6D6A51 /* Pods_SpaceAppTests.framework in Frameworks */ = {isa = PBXBuildFile; fileRef = F4945D64DA414BAE7C59EF23 /* Pods_SpaceAppTests.framework */; };
		4C2417F32044E6540064E287 /* R.generated.swift in Sources */ = {isa = PBXBuildFile; fileRef = 4C2417F22044E6540064E287 /* R.generated.swift */; };
		B5CBC4F18E5303AC31FE3A09 /* Pods_SpaceApp.framework in Frameworks */ = {isa = PBXBuildFile; fileRef = CFC6FFDAADF8B8F36FBFFE3F /* Pods_SpaceApp.framework */; };
		EC222DAC2041F3EA0040DB18 /* AppDelegate.swift in Sources */ = {isa = PBXBuildFile; fileRef = EC222DAB2041F3EA0040DB18 /* AppDelegate.swift */; };
		EC222DB12041F3EA0040DB18 /* Main.storyboard in Resources */ = {isa = PBXBuildFile; fileRef = EC222DAF2041F3EA0040DB18 /* Main.storyboard */; };
		EC222DB32041F3EA0040DB18 /* Assets.xcassets in Resources */ = {isa = PBXBuildFile; fileRef = EC222DB22041F3EA0040DB18 /* Assets.xcassets */; };
		EC222DB62041F3EA0040DB18 /* LaunchScreen.storyboard in Resources */ = {isa = PBXBuildFile; fileRef = EC222DB42041F3EA0040DB18 /* LaunchScreen.storyboard */; };
		EC222DC12041F3EA0040DB18 /* SpaceAppTests.swift in Sources */ = {isa = PBXBuildFile; fileRef = EC222DC02041F3EA0040DB18 /* SpaceAppTests.swift */; };
		EC222DCC2041F3EA0040DB18 /* SpaceAppUITests.swift in Sources */ = {isa = PBXBuildFile; fileRef = EC222DCB2041F3EA0040DB18 /* SpaceAppUITests.swift */; };
		EC222DDB204200530040DB18 /* ButtonTableViewCell.swift in Sources */ = {isa = PBXBuildFile; fileRef = EC222DD9204200530040DB18 /* ButtonTableViewCell.swift */; };
		EC222DDC204200530040DB18 /* ButtonTableViewCell.xib in Resources */ = {isa = PBXBuildFile; fileRef = EC222DDA204200530040DB18 /* ButtonTableViewCell.xib */; };
		EC222DDF204200E50040DB18 /* VideoCollectionViewCell.swift in Sources */ = {isa = PBXBuildFile; fileRef = EC222DDD204200E50040DB18 /* VideoCollectionViewCell.swift */; };
		EC222DE0204200E50040DB18 /* VideoCollectionViewCell.xib in Resources */ = {isa = PBXBuildFile; fileRef = EC222DDE204200E50040DB18 /* VideoCollectionViewCell.xib */; };
		EC222DE32042054A0040DB18 /* NewsViewController.swift in Sources */ = {isa = PBXBuildFile; fileRef = EC222DE22042054A0040DB18 /* NewsViewController.swift */; };
		EC222DE6204205D50040DB18 /* VideoViewController.swift in Sources */ = {isa = PBXBuildFile; fileRef = EC222DE5204205D50040DB18 /* VideoViewController.swift */; };
		EC222DE8204205DE0040DB18 /* DescriptionViewController.swift in Sources */ = {isa = PBXBuildFile; fileRef = EC222DE7204205DE0040DB18 /* DescriptionViewController.swift */; };
		EC222DEA204205F00040DB18 /* RelatedVideosViewController.swift in Sources */ = {isa = PBXBuildFile; fileRef = EC222DE9204205F00040DB18 /* RelatedVideosViewController.swift */; };
		EC222DEC204206010040DB18 /* ActionsViewController.swift in Sources */ = {isa = PBXBuildFile; fileRef = EC222DEB204206010040DB18 /* ActionsViewController.swift */; };
		EC222DF320420D1F0040DB18 /* News.json in Resources */ = {isa = PBXBuildFile; fileRef = EC222DF220420D1F0040DB18 /* News.json */; };
		EC222DF6204213450040DB18 /* NewsService.swift in Sources */ = {isa = PBXBuildFile; fileRef = EC222DF5204213450040DB18 /* NewsService.swift */; };
		EC222DF9204214020040DB18 /* Action.swift in Sources */ = {isa = PBXBuildFile; fileRef = EC222DF8204214020040DB18 /* Action.swift */; };
		EC222DFB204214220040DB18 /* RelatedVideo.swift in Sources */ = {isa = PBXBuildFile; fileRef = EC222DFA204214220040DB18 /* RelatedVideo.swift */; };
		EC222DFD204214490040DB18 /* News.swift in Sources */ = {isa = PBXBuildFile; fileRef = EC222DFC204214490040DB18 /* News.swift */; };
		EC222DFF2042145C0040DB18 /* VideoDetail.swift in Sources */ = {isa = PBXBuildFile; fileRef = EC222DFE2042145C0040DB18 /* VideoDetail.swift */; };
		EC222E012042153B0040DB18 /* ServiceResponse.swift in Sources */ = {isa = PBXBuildFile; fileRef = EC222E002042153B0040DB18 /* ServiceResponse.swift */; };
		EC222E04204217350040DB18 /* NewsInteractor.swift in Sources */ = {isa = PBXBuildFile; fileRef = EC222E03204217350040DB18 /* NewsInteractor.swift */; };
		EC222E06204217680040DB18 /* NewsPresenter.swift in Sources */ = {isa = PBXBuildFile; fileRef = EC222E05204217680040DB18 /* NewsPresenter.swift */; };
		EC222E08204217AB0040DB18 /* NewsModels.swift in Sources */ = {isa = PBXBuildFile; fileRef = EC222E07204217AB0040DB18 /* NewsModels.swift */; };
		EC222E0A204220850040DB18 /* NewsConfigurator.swift in Sources */ = {isa = PBXBuildFile; fileRef = EC222E09204220850040DB18 /* NewsConfigurator.swift */; };
		EC222E0C204226550040DB18 /* Injectable.swift in Sources */ = {isa = PBXBuildFile; fileRef = EC222E0B204226550040DB18 /* Injectable.swift */; };
/* End PBXBuildFile section */

/* Begin PBXContainerItemProxy section */
		EC222DBD2041F3EA0040DB18 /* PBXContainerItemProxy */ = {
			isa = PBXContainerItemProxy;
			containerPortal = EC222DA02041F3EA0040DB18 /* Project object */;
			proxyType = 1;
			remoteGlobalIDString = EC222DA72041F3EA0040DB18;
			remoteInfo = SpaceApp;
		};
		EC222DC82041F3EA0040DB18 /* PBXContainerItemProxy */ = {
			isa = PBXContainerItemProxy;
			containerPortal = EC222DA02041F3EA0040DB18 /* Project object */;
			proxyType = 1;
			remoteGlobalIDString = EC222DA72041F3EA0040DB18;
			remoteInfo = SpaceApp;
		};
/* End PBXContainerItemProxy section */

/* Begin PBXFileReference section */
		25DC5AABDDD68FED12B308FF /* Pods-SpaceApp.debug.xcconfig */ = {isa = PBXFileReference; includeInIndex = 1; lastKnownFileType = text.xcconfig; name = "Pods-SpaceApp.debug.xcconfig"; path = "Pods/Target Support Files/Pods-SpaceApp/Pods-SpaceApp.debug.xcconfig"; sourceTree = "<group>"; };
		4C2417F22044E6540064E287 /* R.generated.swift */ = {isa = PBXFileReference; fileEncoding = 4; lastKnownFileType = sourcecode.swift; path = R.generated.swift; sourceTree = SOURCE_ROOT; };
		7ABCB71234885E1F2BD053F9 /* Pods_SpaceAppUITests.framework */ = {isa = PBXFileReference; explicitFileType = wrapper.framework; includeInIndex = 0; path = Pods_SpaceAppUITests.framework; sourceTree = BUILT_PRODUCTS_DIR; };
		88B9F26AB8D38F44003EF6D2 /* Pods-SpaceApp.release.xcconfig */ = {isa = PBXFileReference; includeInIndex = 1; lastKnownFileType = text.xcconfig; name = "Pods-SpaceApp.release.xcconfig"; path = "Pods/Target Support Files/Pods-SpaceApp/Pods-SpaceApp.release.xcconfig"; sourceTree = "<group>"; };
		A441BA1718603CBD238BCF7D /* Pods-SpaceAppTests.release.xcconfig */ = {isa = PBXFileReference; includeInIndex = 1; lastKnownFileType = text.xcconfig; name = "Pods-SpaceAppTests.release.xcconfig"; path = "Pods/Target Support Files/Pods-SpaceAppTests/Pods-SpaceAppTests.release.xcconfig"; sourceTree = "<group>"; };
		CFC6FFDAADF8B8F36FBFFE3F /* Pods_SpaceApp.framework */ = {isa = PBXFileReference; explicitFileType = wrapper.framework; includeInIndex = 0; path = Pods_SpaceApp.framework; sourceTree = BUILT_PRODUCTS_DIR; };
		D022AD794E509E87D71F8DB9 /* Pods-SpaceAppTests.debug.xcconfig */ = {isa = PBXFileReference; includeInIndex = 1; lastKnownFileType = text.xcconfig; name = "Pods-SpaceAppTests.debug.xcconfig"; path = "Pods/Target Support Files/Pods-SpaceAppTests/Pods-SpaceAppTests.debug.xcconfig"; sourceTree = "<group>"; };
		EC222DA82041F3EA0040DB18 /* SpaceApp.app */ = {isa = PBXFileReference; explicitFileType = wrapper.application; includeInIndex = 0; path = SpaceApp.app; sourceTree = BUILT_PRODUCTS_DIR; };
		EC222DAB2041F3EA0040DB18 /* AppDelegate.swift */ = {isa = PBXFileReference; lastKnownFileType = sourcecode.swift; path = AppDelegate.swift; sourceTree = "<group>"; };
		EC222DB02041F3EA0040DB18 /* Base */ = {isa = PBXFileReference; lastKnownFileType = file.storyboard; name = Base; path = Base.lproj/Main.storyboard; sourceTree = "<group>"; };
		EC222DB22041F3EA0040DB18 /* Assets.xcassets */ = {isa = PBXFileReference; lastKnownFileType = folder.assetcatalog; path = Assets.xcassets; sourceTree = "<group>"; };
		EC222DB52041F3EA0040DB18 /* Base */ = {isa = PBXFileReference; lastKnownFileType = file.storyboard; name = Base; path = Base.lproj/LaunchScreen.storyboard; sourceTree = "<group>"; };
		EC222DB72041F3EA0040DB18 /* Info.plist */ = {isa = PBXFileReference; lastKnownFileType = text.plist.xml; path = Info.plist; sourceTree = "<group>"; };
		EC222DBC2041F3EA0040DB18 /* SpaceAppTests.xctest */ = {isa = PBXFileReference; explicitFileType = wrapper.cfbundle; includeInIndex = 0; path = SpaceAppTests.xctest; sourceTree = BUILT_PRODUCTS_DIR; };
		EC222DC02041F3EA0040DB18 /* SpaceAppTests.swift */ = {isa = PBXFileReference; lastKnownFileType = sourcecode.swift; path = SpaceAppTests.swift; sourceTree = "<group>"; };
		EC222DC22041F3EA0040DB18 /* Info.plist */ = {isa = PBXFileReference; lastKnownFileType = text.plist.xml; path = Info.plist; sourceTree = "<group>"; };
		EC222DC72041F3EA0040DB18 /* SpaceAppUITests.xctest */ = {isa = PBXFileReference; explicitFileType = wrapper.cfbundle; includeInIndex = 0; path = SpaceAppUITests.xctest; sourceTree = BUILT_PRODUCTS_DIR; };
		EC222DCB2041F3EA0040DB18 /* SpaceAppUITests.swift */ = {isa = PBXFileReference; lastKnownFileType = sourcecode.swift; path = SpaceAppUITests.swift; sourceTree = "<group>"; };
		EC222DCD2041F3EA0040DB18 /* Info.plist */ = {isa = PBXFileReference; lastKnownFileType = text.plist.xml; path = Info.plist; sourceTree = "<group>"; };
		EC222DD9204200530040DB18 /* ButtonTableViewCell.swift */ = {isa = PBXFileReference; lastKnownFileType = sourcecode.swift; path = ButtonTableViewCell.swift; sourceTree = "<group>"; };
		EC222DDA204200530040DB18 /* ButtonTableViewCell.xib */ = {isa = PBXFileReference; lastKnownFileType = file.xib; path = ButtonTableViewCell.xib; sourceTree = "<group>"; };
		EC222DDD204200E50040DB18 /* VideoCollectionViewCell.swift */ = {isa = PBXFileReference; lastKnownFileType = sourcecode.swift; path = VideoCollectionViewCell.swift; sourceTree = "<group>"; };
		EC222DDE204200E50040DB18 /* VideoCollectionViewCell.xib */ = {isa = PBXFileReference; lastKnownFileType = file.xib; path = VideoCollectionViewCell.xib; sourceTree = "<group>"; };
		EC222DE22042054A0040DB18 /* NewsViewController.swift */ = {isa = PBXFileReference; lastKnownFileType = sourcecode.swift; path = NewsViewController.swift; sourceTree = "<group>"; };
		EC222DE5204205D50040DB18 /* VideoViewController.swift */ = {isa = PBXFileReference; lastKnownFileType = sourcecode.swift; path = VideoViewController.swift; sourceTree = "<group>"; };
		EC222DE7204205DE0040DB18 /* DescriptionViewController.swift */ = {isa = PBXFileReference; lastKnownFileType = sourcecode.swift; path = DescriptionViewController.swift; sourceTree = "<group>"; };
		EC222DE9204205F00040DB18 /* RelatedVideosViewController.swift */ = {isa = PBXFileReference; lastKnownFileType = sourcecode.swift; path = RelatedVideosViewController.swift; sourceTree = "<group>"; };
		EC222DEB204206010040DB18 /* ActionsViewController.swift */ = {isa = PBXFileReference; lastKnownFileType = sourcecode.swift; path = ActionsViewController.swift; sourceTree = "<group>"; };
		EC222DF220420D1F0040DB18 /* News.json */ = {isa = PBXFileReference; explicitFileType = sourcecode.javascript; path = News.json; sourceTree = "<group>"; };
		EC222DF5204213450040DB18 /* NewsService.swift */ = {isa = PBXFileReference; lastKnownFileType = sourcecode.swift; path = NewsService.swift; sourceTree = "<group>"; };
		EC222DF8204214020040DB18 /* Action.swift */ = {isa = PBXFileReference; lastKnownFileType = sourcecode.swift; path = Action.swift; sourceTree = "<group>"; };
		EC222DFA204214220040DB18 /* RelatedVideo.swift */ = {isa = PBXFileReference; lastKnownFileType = sourcecode.swift; path = RelatedVideo.swift; sourceTree = "<group>"; };
		EC222DFC204214490040DB18 /* News.swift */ = {isa = PBXFileReference; lastKnownFileType = sourcecode.swift; path = News.swift; sourceTree = "<group>"; };
		EC222DFE2042145C0040DB18 /* VideoDetail.swift */ = {isa = PBXFileReference; lastKnownFileType = sourcecode.swift; path = VideoDetail.swift; sourceTree = "<group>"; };
		EC222E002042153B0040DB18 /* ServiceResponse.swift */ = {isa = PBXFileReference; lastKnownFileType = sourcecode.swift; path = ServiceResponse.swift; sourceTree = "<group>"; };
		EC222E03204217350040DB18 /* NewsInteractor.swift */ = {isa = PBXFileReference; lastKnownFileType = sourcecode.swift; path = NewsInteractor.swift; sourceTree = "<group>"; };
		EC222E05204217680040DB18 /* NewsPresenter.swift */ = {isa = PBXFileReference; lastKnownFileType = sourcecode.swift; path = NewsPresenter.swift; sourceTree = "<group>"; };
		EC222E07204217AB0040DB18 /* NewsModels.swift */ = {isa = PBXFileReference; lastKnownFileType = sourcecode.swift; path = NewsModels.swift; sourceTree = "<group>"; };
		EC222E09204220850040DB18 /* NewsConfigurator.swift */ = {isa = PBXFileReference; lastKnownFileType = sourcecode.swift; path = NewsConfigurator.swift; sourceTree = "<group>"; };
		EC222E0B204226550040DB18 /* Injectable.swift */ = {isa = PBXFileReference; lastKnownFileType = sourcecode.swift; path = Injectable.swift; sourceTree = "<group>"; };
		F4945D64DA414BAE7C59EF23 /* Pods_SpaceAppTests.framework */ = {isa = PBXFileReference; explicitFileType = wrapper.framework; includeInIndex = 0; path = Pods_SpaceAppTests.framework; sourceTree = BUILT_PRODUCTS_DIR; };
/* End PBXFileReference section */

/* Begin PBXFrameworksBuildPhase section */
		EC222DA52041F3EA0040DB18 /* Frameworks */ = {
			isa = PBXFrameworksBuildPhase;
			buildActionMask = 2147483647;
			files = (
				B5CBC4F18E5303AC31FE3A09 /* Pods_SpaceApp.framework in Frameworks */,
			);
			runOnlyForDeploymentPostprocessing = 0;
		};
		EC222DB92041F3EA0040DB18 /* Frameworks */ = {
			isa = PBXFrameworksBuildPhase;
			buildActionMask = 2147483647;
			files = (
				209F9CE202D4BE6F3A6D6A51 /* Pods_SpaceAppTests.framework in Frameworks */,
			);
			runOnlyForDeploymentPostprocessing = 0;
		};
		EC222DC42041F3EA0040DB18 /* Frameworks */ = {
			isa = PBXFrameworksBuildPhase;
			buildActionMask = 2147483647;
			files = (
			);
			runOnlyForDeploymentPostprocessing = 0;
		};
/* End PBXFrameworksBuildPhase section */

/* Begin PBXGroup section */
		4AF8DC50152B2546203B1194 /* Frameworks */ = {
			isa = PBXGroup;
			children = (
				CFC6FFDAADF8B8F36FBFFE3F /* Pods_SpaceApp.framework */,
				F4945D64DA414BAE7C59EF23 /* Pods_SpaceAppTests.framework */,
				7ABCB71234885E1F2BD053F9 /* Pods_SpaceAppUITests.framework */,
			);
			name = Frameworks;
			sourceTree = "<group>";
		};
		4C2417F12044E62F0064E287 /* R */ = {
			isa = PBXGroup;
			children = (
				4C2417F22044E6540064E287 /* R.generated.swift */,
			);
			name = R;
			sourceTree = "<group>";
		};
		DF2B32B8E437108A6A483700 /* Pods */ = {
			isa = PBXGroup;
			children = (
				25DC5AABDDD68FED12B308FF /* Pods-SpaceApp.debug.xcconfig */,
				88B9F26AB8D38F44003EF6D2 /* Pods-SpaceApp.release.xcconfig */,
				D022AD794E509E87D71F8DB9 /* Pods-SpaceAppTests.debug.xcconfig */,
				A441BA1718603CBD238BCF7D /* Pods-SpaceAppTests.release.xcconfig */,
			);
			name = Pods;
			sourceTree = "<group>";
		};
		EC222D9F2041F3EA0040DB18 = {
			isa = PBXGroup;
			children = (
				EC222DAA2041F3EA0040DB18 /* SpaceApp */,
				EC222DBF2041F3EA0040DB18 /* SpaceAppTests */,
				EC222DCA2041F3EA0040DB18 /* SpaceAppUITests */,
				EC222DA92041F3EA0040DB18 /* Products */,
				DF2B32B8E437108A6A483700 /* Pods */,
				4AF8DC50152B2546203B1194 /* Frameworks */,
			);
			sourceTree = "<group>";
		};
		EC222DA92041F3EA0040DB18 /* Products */ = {
			isa = PBXGroup;
			children = (
				EC222DA82041F3EA0040DB18 /* SpaceApp.app */,
				EC222DBC2041F3EA0040DB18 /* SpaceAppTests.xctest */,
				EC222DC72041F3EA0040DB18 /* SpaceAppUITests.xctest */,
			);
			name = Products;
			sourceTree = "<group>";
		};
		EC222DAA2041F3EA0040DB18 /* SpaceApp */ = {
			isa = PBXGroup;
			children = (
				4C2417F12044E62F0064E287 /* R */,
				EC222E02204217140040DB18 /* Extension */,
				EC222DF7204213620040DB18 /* Models */,
				EC222DF4204213300040DB18 /* Services */,
				EC222DF120420D140040DB18 /* StaticFixtures */,
				EC222DE12042041E0040DB18 /* Scenes */,
				EC222DAB2041F3EA0040DB18 /* AppDelegate.swift */,
				EC222DAF2041F3EA0040DB18 /* Main.storyboard */,
				EC222DB42041F3EA0040DB18 /* LaunchScreen.storyboard */,
				EC222DB72041F3EA0040DB18 /* Info.plist */,
				EC222DB22041F3EA0040DB18 /* Assets.xcassets */,
				EC222DD9204200530040DB18 /* ButtonTableViewCell.swift */,
				EC222DDA204200530040DB18 /* ButtonTableViewCell.xib */,
				EC222DDD204200E50040DB18 /* VideoCollectionViewCell.swift */,
				EC222DDE204200E50040DB18 /* VideoCollectionViewCell.xib */,
			);
			path = SpaceApp;
			sourceTree = "<group>";
		};
		EC222DBF2041F3EA0040DB18 /* SpaceAppTests */ = {
			isa = PBXGroup;
			children = (
				EC222DC02041F3EA0040DB18 /* SpaceAppTests.swift */,
				EC222DC22041F3EA0040DB18 /* Info.plist */,
			);
			path = SpaceAppTests;
			sourceTree = "<group>";
		};
		EC222DCA2041F3EA0040DB18 /* SpaceAppUITests */ = {
			isa = PBXGroup;
			children = (
				EC222DCB2041F3EA0040DB18 /* SpaceAppUITests.swift */,
				EC222DCD2041F3EA0040DB18 /* Info.plist */,
			);
			path = SpaceAppUITests;
			sourceTree = "<group>";
		};
		EC222DE12042041E0040DB18 /* Scenes */ = {
			isa = PBXGroup;
			children = (
				EC222DE4204205BA0040DB18 /* Components */,
				EC222DE22042054A0040DB18 /* NewsViewController.swift */,
				EC222E03204217350040DB18 /* NewsInteractor.swift */,
				EC222E05204217680040DB18 /* NewsPresenter.swift */,
				EC222E07204217AB0040DB18 /* NewsModels.swift */,
				EC222E09204220850040DB18 /* NewsConfigurator.swift */,
			);
			path = Scenes;
			sourceTree = "<group>";
		};
		EC222DE4204205BA0040DB18 /* Components */ = {
			isa = PBXGroup;
			children = (
				EC222DE5204205D50040DB18 /* VideoViewController.swift */,
				EC222DE7204205DE0040DB18 /* DescriptionViewController.swift */,
				EC222DE9204205F00040DB18 /* RelatedVideosViewController.swift */,
				EC222DEB204206010040DB18 /* ActionsViewController.swift */,
			);
			path = Components;
			sourceTree = "<group>";
		};
		EC222DF120420D140040DB18 /* StaticFixtures */ = {
			isa = PBXGroup;
			children = (
				EC222DF220420D1F0040DB18 /* News.json */,
			);
			path = StaticFixtures;
			sourceTree = "<group>";
		};
		EC222DF4204213300040DB18 /* Services */ = {
			isa = PBXGroup;
			children = (
				EC222DF5204213450040DB18 /* NewsService.swift */,
				EC222E002042153B0040DB18 /* ServiceResponse.swift */,
			);
			path = Services;
			sourceTree = "<group>";
		};
		EC222DF7204213620040DB18 /* Models */ = {
			isa = PBXGroup;
			children = (
				EC222DF8204214020040DB18 /* Action.swift */,
				EC222DFA204214220040DB18 /* RelatedVideo.swift */,
				EC222DFC204214490040DB18 /* News.swift */,
				EC222DFE2042145C0040DB18 /* VideoDetail.swift */,
			);
			path = Models;
			sourceTree = "<group>";
		};
		EC222E02204217140040DB18 /* Extension */ = {
			isa = PBXGroup;
			children = (
				EC222E0B204226550040DB18 /* Injectable.swift */,
			);
			path = Extension;
			sourceTree = "<group>";
		};
/* End PBXGroup section */

/* Begin PBXNativeTarget section */
		EC222DA72041F3EA0040DB18 /* SpaceApp */ = {
			isa = PBXNativeTarget;
			buildConfigurationList = EC222DD02041F3EA0040DB18 /* Build configuration list for PBXNativeTarget "SpaceApp" */;
			buildPhases = (
				3314343772FCBC967D5B08D9 /* [CP] Check Pods Manifest.lock */,
				EC222DED20420C6D0040DB18 /* ShellScript */,
				EC222DA42041F3EA0040DB18 /* Sources */,
				EC222DA52041F3EA0040DB18 /* Frameworks */,
				EC222DA62041F3EA0040DB18 /* Resources */,
				BD9AFEF535C66FFA021B3B2E /* [CP] Embed Pods Frameworks */,
				F606C982CB6813E3E692F862 /* [CP] Copy Pods Resources */,
			);
			buildRules = (
			);
			dependencies = (
			);
			name = SpaceApp;
			productName = SpaceApp;
			productReference = EC222DA82041F3EA0040DB18 /* SpaceApp.app */;
			productType = "com.apple.product-type.application";
		};
		EC222DBB2041F3EA0040DB18 /* SpaceAppTests */ = {
			isa = PBXNativeTarget;
			buildConfigurationList = EC222DD32041F3EA0040DB18 /* Build configuration list for PBXNativeTarget "SpaceAppTests" */;
			buildPhases = (
				29C719FDEBB883C513829E58 /* [CP] Check Pods Manifest.lock */,
				EC222DB82041F3EA0040DB18 /* Sources */,
				EC222DB92041F3EA0040DB18 /* Frameworks */,
				EC222DBA2041F3EA0040DB18 /* Resources */,
				9AFF08DD293815BFE287F957 /* [CP] Embed Pods Frameworks */,
				45FA6B40438D1F4CBC5FF4D3 /* [CP] Copy Pods Resources */,
			);
			buildRules = (
			);
			dependencies = (
				EC222DBE2041F3EA0040DB18 /* PBXTargetDependency */,
			);
			name = SpaceAppTests;
			productName = SpaceAppTests;
			productReference = EC222DBC2041F3EA0040DB18 /* SpaceAppTests.xctest */;
			productType = "com.apple.product-type.bundle.unit-test";
		};
		EC222DC62041F3EA0040DB18 /* SpaceAppUITests */ = {
			isa = PBXNativeTarget;
			buildConfigurationList = EC222DD62041F3EA0040DB18 /* Build configuration list for PBXNativeTarget "SpaceAppUITests" */;
			buildPhases = (
				EC222DC32041F3EA0040DB18 /* Sources */,
				EC222DC42041F3EA0040DB18 /* Frameworks */,
				EC222DC52041F3EA0040DB18 /* Resources */,
			);
			buildRules = (
			);
			dependencies = (
				EC222DC92041F3EA0040DB18 /* PBXTargetDependency */,
			);
			name = SpaceAppUITests;
			productName = SpaceAppUITests;
			productReference = EC222DC72041F3EA0040DB18 /* SpaceAppUITests.xctest */;
			productType = "com.apple.product-type.bundle.ui-testing";
		};
/* End PBXNativeTarget section */

/* Begin PBXProject section */
		EC222DA02041F3EA0040DB18 /* Project object */ = {
			isa = PBXProject;
			attributes = {
				LastSwiftUpdateCheck = 0920;
				LastUpgradeCheck = 0920;
				ORGANIZATIONNAME = LAH;
				TargetAttributes = {
					EC222DA72041F3EA0040DB18 = {
						CreatedOnToolsVersion = 9.2;
						ProvisioningStyle = Automatic;
					};
					EC222DBB2041F3EA0040DB18 = {
						CreatedOnToolsVersion = 9.2;
						ProvisioningStyle = Automatic;
						TestTargetID = EC222DA72041F3EA0040DB18;
					};
					EC222DC62041F3EA0040DB18 = {
						CreatedOnToolsVersion = 9.2;
						ProvisioningStyle = Automatic;
						TestTargetID = EC222DA72041F3EA0040DB18;
					};
				};
			};
			buildConfigurationList = EC222DA32041F3EA0040DB18 /* Build configuration list for PBXProject "SpaceApp" */;
			compatibilityVersion = "Xcode 8.0";
			developmentRegion = en;
			hasScannedForEncodings = 0;
			knownRegions = (
				en,
				Base,
			);
			mainGroup = EC222D9F2041F3EA0040DB18;
			productRefGroup = EC222DA92041F3EA0040DB18 /* Products */;
			projectDirPath = "";
			projectRoot = "";
			targets = (
				EC222DA72041F3EA0040DB18 /* SpaceApp */,
				EC222DBB2041F3EA0040DB18 /* SpaceAppTests */,
				EC222DC62041F3EA0040DB18 /* SpaceAppUITests */,
			);
		};
/* End PBXProject section */

/* Begin PBXResourcesBuildPhase section */
		EC222DA62041F3EA0040DB18 /* Resources */ = {
			isa = PBXResourcesBuildPhase;
			buildActionMask = 2147483647;
			files = (
				EC222DB62041F3EA0040DB18 /* LaunchScreen.storyboard in Resources */,
				EC222DB32041F3EA0040DB18 /* Assets.xcassets in Resources */,
				EC222DE0204200E50040DB18 /* VideoCollectionViewCell.xib in Resources */,
				EC222DB12041F3EA0040DB18 /* Main.storyboard in Resources */,
				EC222DF320420D1F0040DB18 /* News.json in Resources */,
				EC222DDC204200530040DB18 /* ButtonTableViewCell.xib in Resources */,
			);
			runOnlyForDeploymentPostprocessing = 0;
		};
		EC222DBA2041F3EA0040DB18 /* Resources */ = {
			isa = PBXResourcesBuildPhase;
			buildActionMask = 2147483647;
			files = (
			);
			runOnlyForDeploymentPostprocessing = 0;
		};
		EC222DC52041F3EA0040DB18 /* Resources */ = {
			isa = PBXResourcesBuildPhase;
			buildActionMask = 2147483647;
			files = (
			);
			runOnlyForDeploymentPostprocessing = 0;
		};
/* End PBXResourcesBuildPhase section */

/* Begin PBXShellScriptBuildPhase section */
		29C719FDEBB883C513829E58 /* [CP] Check Pods Manifest.lock */ = {
			isa = PBXShellScriptBuildPhase;
			buildActionMask = 2147483647;
			files = (
			);
			inputPaths = (
				"${PODS_PODFILE_DIR_PATH}/Podfile.lock",
				"${PODS_ROOT}/Manifest.lock",
			);
			name = "[CP] Check Pods Manifest.lock";
			outputPaths = (
				"$(DERIVED_FILE_DIR)/Pods-SpaceAppTests-checkManifestLockResult.txt",
			);
			runOnlyForDeploymentPostprocessing = 0;
			shellPath = /bin/sh;
			shellScript = "diff \"${PODS_PODFILE_DIR_PATH}/Podfile.lock\" \"${PODS_ROOT}/Manifest.lock\" > /dev/null\nif [ $? != 0 ] ; then\n    # print error to STDERR\n    echo \"error: The sandbox is not in sync with the Podfile.lock. Run 'pod install' or update your CocoaPods installation.\" >&2\n    exit 1\nfi\n# This output is used by Xcode 'outputs' to avoid re-running this script phase.\necho \"SUCCESS\" > \"${SCRIPT_OUTPUT_FILE_0}\"\n";
			showEnvVarsInLog = 0;
		};
		3314343772FCBC967D5B08D9 /* [CP] Check Pods Manifest.lock */ = {
			isa = PBXShellScriptBuildPhase;
			buildActionMask = 2147483647;
			files = (
			);
			inputPaths = (
				"${PODS_PODFILE_DIR_PATH}/Podfile.lock",
				"${PODS_ROOT}/Manifest.lock",
			);
			name = "[CP] Check Pods Manifest.lock";
			outputPaths = (
				"$(DERIVED_FILE_DIR)/Pods-SpaceApp-checkManifestLockResult.txt",
			);
			runOnlyForDeploymentPostprocessing = 0;
			shellPath = /bin/sh;
			shellScript = "diff \"${PODS_PODFILE_DIR_PATH}/Podfile.lock\" \"${PODS_ROOT}/Manifest.lock\" > /dev/null\nif [ $? != 0 ] ; then\n    # print error to STDERR\n    echo \"error: The sandbox is not in sync with the Podfile.lock. Run 'pod install' or update your CocoaPods installation.\" >&2\n    exit 1\nfi\n# This output is used by Xcode 'outputs' to avoid re-running this script phase.\necho \"SUCCESS\" > \"${SCRIPT_OUTPUT_FILE_0}\"\n";
			showEnvVarsInLog = 0;
		};
		45FA6B40438D1F4CBC5FF4D3 /* [CP] Copy Pods Resources */ = {
			isa = PBXShellScriptBuildPhase;
			buildActionMask = 2147483647;
			files = (
			);
			inputPaths = (
			);
			name = "[CP] Copy Pods Resources";
			outputPaths = (
			);
			runOnlyForDeploymentPostprocessing = 0;
			shellPath = /bin/sh;
			shellScript = "\"${SRCROOT}/Pods/Target Support Files/Pods-SpaceAppTests/Pods-SpaceAppTests-resources.sh\"\n";
			showEnvVarsInLog = 0;
		};
		9AFF08DD293815BFE287F957 /* [CP] Embed Pods Frameworks */ = {
			isa = PBXShellScriptBuildPhase;
			buildActionMask = 2147483647;
			files = (
			);
			inputPaths = (
				"${SRCROOT}/Pods/Target Support Files/Pods-SpaceAppTests/Pods-SpaceAppTests-frameworks.sh",
				"${BUILT_PRODUCTS_DIR}/FBSnapshotTestCase/FBSnapshotTestCase.framework",
				"${BUILT_PRODUCTS_DIR}/KIF/KIF.framework",
				"${BUILT_PRODUCTS_DIR}/KIF-Quick/KIF_Quick.framework",
				"${BUILT_PRODUCTS_DIR}/Nimble/Nimble.framework",
				"${BUILT_PRODUCTS_DIR}/Nimble-Snapshots/Nimble_Snapshots.framework",
				"${BUILT_PRODUCTS_DIR}/Quick/Quick.framework",
			);
			name = "[CP] Embed Pods Frameworks";
			outputPaths = (
				"${TARGET_BUILD_DIR}/${FRAMEWORKS_FOLDER_PATH}/FBSnapshotTestCase.framework",
				"${TARGET_BUILD_DIR}/${FRAMEWORKS_FOLDER_PATH}/KIF.framework",
				"${TARGET_BUILD_DIR}/${FRAMEWORKS_FOLDER_PATH}/KIF_Quick.framework",
				"${TARGET_BUILD_DIR}/${FRAMEWORKS_FOLDER_PATH}/Nimble.framework",
				"${TARGET_BUILD_DIR}/${FRAMEWORKS_FOLDER_PATH}/Nimble_Snapshots.framework",
				"${TARGET_BUILD_DIR}/${FRAMEWORKS_FOLDER_PATH}/Quick.framework",
			);
			runOnlyForDeploymentPostprocessing = 0;
			shellPath = /bin/sh;
			shellScript = "\"${SRCROOT}/Pods/Target Support Files/Pods-SpaceAppTests/Pods-SpaceAppTests-frameworks.sh\"\n";
			showEnvVarsInLog = 0;
		};
		BD9AFEF535C66FFA021B3B2E /* [CP] Embed Pods Frameworks */ = {
			isa = PBXShellScriptBuildPhase;
			buildActionMask = 2147483647;
			files = (
			);
			inputPaths = (
				"${SRCROOT}/Pods/Target Support Files/Pods-SpaceApp/Pods-SpaceApp-frameworks.sh",
				"${BUILT_PRODUCTS_DIR}/R.swift.Library/Rswift.framework",
			);
			name = "[CP] Embed Pods Frameworks";
			outputPaths = (
				"${TARGET_BUILD_DIR}/${FRAMEWORKS_FOLDER_PATH}/Rswift.framework",
			);
			runOnlyForDeploymentPostprocessing = 0;
			shellPath = /bin/sh;
			shellScript = "\"${SRCROOT}/Pods/Target Support Files/Pods-SpaceApp/Pods-SpaceApp-frameworks.sh\"\n";
			showEnvVarsInLog = 0;
		};
		EC222DED20420C6D0040DB18 /* ShellScript */ = {
			isa = PBXShellScriptBuildPhase;
			buildActionMask = 2147483647;
			files = (
			);
			inputPaths = (
			);
			outputPaths = (
			);
			runOnlyForDeploymentPostprocessing = 0;
			shellPath = /bin/sh;
			shellScript = "\"$PODS_ROOT/R.swift/rswift\" generate \"$SRCROOT\"";
		};
		F606C982CB6813E3E692F862 /* [CP] Copy Pods Resources */ = {
			isa = PBXShellScriptBuildPhase;
			buildActionMask = 2147483647;
			files = (
			);
			inputPaths = (
			);
			name = "[CP] Copy Pods Resources";
			outputPaths = (
			);
			runOnlyForDeploymentPostprocessing = 0;
			shellPath = /bin/sh;
			shellScript = "\"${SRCROOT}/Pods/Target Support Files/Pods-SpaceApp/Pods-SpaceApp-resources.sh\"\n";
			showEnvVarsInLog = 0;
		};
/* End PBXShellScriptBuildPhase section */

/* Begin PBXSourcesBuildPhase section */
		EC222DA42041F3EA0040DB18 /* Sources */ = {
			isa = PBXSourcesBuildPhase;
			buildActionMask = 2147483647;
			files = (
				EC222E012042153B0040DB18 /* ServiceResponse.swift in Sources */,
				EC222DDB204200530040DB18 /* ButtonTableViewCell.swift in Sources */,
				EC222DFF2042145C0040DB18 /* VideoDetail.swift in Sources */,
				EC222DF9204214020040DB18 /* Action.swift in Sources */,
				EC222E04204217350040DB18 /* NewsInteractor.swift in Sources */,
				EC222DE8204205DE0040DB18 /* DescriptionViewController.swift in Sources */,
				EC222DEA204205F00040DB18 /* RelatedVideosViewController.swift in Sources */,
				4C2417F32044E6540064E287 /* R.generated.swift in Sources */,
				EC222DFD204214490040DB18 /* News.swift in Sources */,
				EC222E0A204220850040DB18 /* NewsConfigurator.swift in Sources */,
				EC222DE6204205D50040DB18 /* VideoViewController.swift in Sources */,
				EC222DDF204200E50040DB18 /* VideoCollectionViewCell.swift in Sources */,
				EC222DEC204206010040DB18 /* ActionsViewController.swift in Sources */,
				EC222E0C204226550040DB18 /* Injectable.swift in Sources */,
				EC222DE32042054A0040DB18 /* NewsViewController.swift in Sources */,
				EC222DAC2041F3EA0040DB18 /* AppDelegate.swift in Sources */,
				EC222E08204217AB0040DB18 /* NewsModels.swift in Sources */,
				EC222E06204217680040DB18 /* NewsPresenter.swift in Sources */,
				EC222DF6204213450040DB18 /* NewsService.swift in Sources */,
				EC222DFB204214220040DB18 /* RelatedVideo.swift in Sources */,
			);
			runOnlyForDeploymentPostprocessing = 0;
		};
		EC222DB82041F3EA0040DB18 /* Sources */ = {
			isa = PBXSourcesBuildPhase;
			buildActionMask = 2147483647;
			files = (
				EC222DC12041F3EA0040DB18 /* SpaceAppTests.swift in Sources */,
			);
			runOnlyForDeploymentPostprocessing = 0;
		};
		EC222DC32041F3EA0040DB18 /* Sources */ = {
			isa = PBXSourcesBuildPhase;
			buildActionMask = 2147483647;
			files = (
				EC222DCC2041F3EA0040DB18 /* SpaceAppUITests.swift in Sources */,
			);
			runOnlyForDeploymentPostprocessing = 0;
		};
/* End PBXSourcesBuildPhase section */

/* Begin PBXTargetDependency section */
		EC222DBE2041F3EA0040DB18 /* PBXTargetDependency */ = {
			isa = PBXTargetDependency;
			target = EC222DA72041F3EA0040DB18 /* SpaceApp */;
			targetProxy = EC222DBD2041F3EA0040DB18 /* PBXContainerItemProxy */;
		};
		EC222DC92041F3EA0040DB18 /* PBXTargetDependency */ = {
			isa = PBXTargetDependency;
			target = EC222DA72041F3EA0040DB18 /* SpaceApp */;
			targetProxy = EC222DC82041F3EA0040DB18 /* PBXContainerItemProxy */;
		};
/* End PBXTargetDependency section */

/* Begin PBXVariantGroup section */
		EC222DAF2041F3EA0040DB18 /* Main.storyboard */ = {
			isa = PBXVariantGroup;
			children = (
				EC222DB02041F3EA0040DB18 /* Base */,
			);
			name = Main.storyboard;
			sourceTree = "<group>";
		};
		EC222DB42041F3EA0040DB18 /* LaunchScreen.storyboard */ = {
			isa = PBXVariantGroup;
			children = (
				EC222DB52041F3EA0040DB18 /* Base */,
			);
			name = LaunchScreen.storyboard;
			sourceTree = "<group>";
		};
/* End PBXVariantGroup section */

/* Begin XCBuildConfiguration section */
		EC222DCE2041F3EA0040DB18 /* Debug */ = {
			isa = XCBuildConfiguration;
			buildSettings = {
				ALWAYS_SEARCH_USER_PATHS = NO;
				CLANG_ANALYZER_NONNULL = YES;
				CLANG_ANALYZER_NUMBER_OBJECT_CONVERSION = YES_AGGRESSIVE;
				CLANG_CXX_LANGUAGE_STANDARD = "gnu++14";
				CLANG_CXX_LIBRARY = "libc++";
				CLANG_ENABLE_MODULES = YES;
				CLANG_ENABLE_OBJC_ARC = YES;
				CLANG_WARN_BLOCK_CAPTURE_AUTORELEASING = YES;
				CLANG_WARN_BOOL_CONVERSION = YES;
				CLANG_WARN_COMMA = YES;
				CLANG_WARN_CONSTANT_CONVERSION = YES;
				CLANG_WARN_DIRECT_OBJC_ISA_USAGE = YES_ERROR;
				CLANG_WARN_DOCUMENTATION_COMMENTS = YES;
				CLANG_WARN_EMPTY_BODY = YES;
				CLANG_WARN_ENUM_CONVERSION = YES;
				CLANG_WARN_INFINITE_RECURSION = YES;
				CLANG_WARN_INT_CONVERSION = YES;
				CLANG_WARN_NON_LITERAL_NULL_CONVERSION = YES;
				CLANG_WARN_OBJC_LITERAL_CONVERSION = YES;
				CLANG_WARN_OBJC_ROOT_CLASS = YES_ERROR;
				CLANG_WARN_RANGE_LOOP_ANALYSIS = YES;
				CLANG_WARN_STRICT_PROTOTYPES = YES;
				CLANG_WARN_SUSPICIOUS_MOVE = YES;
				CLANG_WARN_UNGUARDED_AVAILABILITY = YES_AGGRESSIVE;
				CLANG_WARN_UNREACHABLE_CODE = YES;
				CLANG_WARN__DUPLICATE_METHOD_MATCH = YES;
				CODE_SIGN_IDENTITY = "iPhone Developer";
				COPY_PHASE_STRIP = NO;
				DEBUG_INFORMATION_FORMAT = dwarf;
				ENABLE_STRICT_OBJC_MSGSEND = YES;
				ENABLE_TESTABILITY = YES;
				GCC_C_LANGUAGE_STANDARD = gnu11;
				GCC_DYNAMIC_NO_PIC = NO;
				GCC_NO_COMMON_BLOCKS = YES;
				GCC_OPTIMIZATION_LEVEL = 0;
				GCC_PREPROCESSOR_DEFINITIONS = (
					"DEBUG=1",
					"$(inherited)",
				);
				GCC_WARN_64_TO_32_BIT_CONVERSION = YES;
				GCC_WARN_ABOUT_RETURN_TYPE = YES_ERROR;
				GCC_WARN_UNDECLARED_SELECTOR = YES;
				GCC_WARN_UNINITIALIZED_AUTOS = YES_AGGRESSIVE;
				GCC_WARN_UNUSED_FUNCTION = YES;
				GCC_WARN_UNUSED_VARIABLE = YES;
				IPHONEOS_DEPLOYMENT_TARGET = 11.2;
				MTL_ENABLE_DEBUG_INFO = YES;
				ONLY_ACTIVE_ARCH = YES;
				SDKROOT = iphoneos;
				SWIFT_ACTIVE_COMPILATION_CONDITIONS = DEBUG;
				SWIFT_OPTIMIZATION_LEVEL = "-Onone";
			};
			name = Debug;
		};
		EC222DCF2041F3EA0040DB18 /* Release */ = {
			isa = XCBuildConfiguration;
			buildSettings = {
				ALWAYS_SEARCH_USER_PATHS = NO;
				CLANG_ANALYZER_NONNULL = YES;
				CLANG_ANALYZER_NUMBER_OBJECT_CONVERSION = YES_AGGRESSIVE;
				CLANG_CXX_LANGUAGE_STANDARD = "gnu++14";
				CLANG_CXX_LIBRARY = "libc++";
				CLANG_ENABLE_MODULES = YES;
				CLANG_ENABLE_OBJC_ARC = YES;
				CLANG_WARN_BLOCK_CAPTURE_AUTORELEASING = YES;
				CLANG_WARN_BOOL_CONVERSION = YES;
				CLANG_WARN_COMMA = YES;
				CLANG_WARN_CONSTANT_CONVERSION = YES;
				CLANG_WARN_DIRECT_OBJC_ISA_USAGE = YES_ERROR;
				CLANG_WARN_DOCUMENTATION_COMMENTS = YES;
				CLANG_WARN_EMPTY_BODY = YES;
				CLANG_WARN_ENUM_CONVERSION = YES;
				CLANG_WARN_INFINITE_RECURSION = YES;
				CLANG_WARN_INT_CONVERSION = YES;
				CLANG_WARN_NON_LITERAL_NULL_CONVERSION = YES;
				CLANG_WARN_OBJC_LITERAL_CONVERSION = YES;
				CLANG_WARN_OBJC_ROOT_CLASS = YES_ERROR;
				CLANG_WARN_RANGE_LOOP_ANALYSIS = YES;
				CLANG_WARN_STRICT_PROTOTYPES = YES;
				CLANG_WARN_SUSPICIOUS_MOVE = YES;
				CLANG_WARN_UNGUARDED_AVAILABILITY = YES_AGGRESSIVE;
				CLANG_WARN_UNREACHABLE_CODE = YES;
				CLANG_WARN__DUPLICATE_METHOD_MATCH = YES;
				CODE_SIGN_IDENTITY = "iPhone Developer";
				COPY_PHASE_STRIP = NO;
				DEBUG_INFORMATION_FORMAT = "dwarf-with-dsym";
				ENABLE_NS_ASSERTIONS = NO;
				ENABLE_STRICT_OBJC_MSGSEND = YES;
				GCC_C_LANGUAGE_STANDARD = gnu11;
				GCC_NO_COMMON_BLOCKS = YES;
				GCC_WARN_64_TO_32_BIT_CONVERSION = YES;
				GCC_WARN_ABOUT_RETURN_TYPE = YES_ERROR;
				GCC_WARN_UNDECLARED_SELECTOR = YES;
				GCC_WARN_UNINITIALIZED_AUTOS = YES_AGGRESSIVE;
				GCC_WARN_UNUSED_FUNCTION = YES;
				GCC_WARN_UNUSED_VARIABLE = YES;
				IPHONEOS_DEPLOYMENT_TARGET = 11.2;
				MTL_ENABLE_DEBUG_INFO = NO;
				SDKROOT = iphoneos;
				SWIFT_OPTIMIZATION_LEVEL = "-Owholemodule";
				VALIDATE_PRODUCT = YES;
			};
			name = Release;
		};
		EC222DD12041F3EA0040DB18 /* Debug */ = {
			isa = XCBuildConfiguration;
			baseConfigurationReference = 25DC5AABDDD68FED12B308FF /* Pods-SpaceApp.debug.xcconfig */;
			buildSettings = {
				ASSETCATALOG_COMPILER_APPICON_NAME = AppIcon;
				CODE_SIGN_STYLE = Automatic;
				INFOPLIST_FILE = SpaceApp/Info.plist;
				LD_RUNPATH_SEARCH_PATHS = "$(inherited) @executable_path/Frameworks";
				PRODUCT_BUNDLE_IDENTIFIER = LAH.SpaceApp;
				PRODUCT_NAME = "$(TARGET_NAME)";
				SWIFT_VERSION = 4.0;
				TARGETED_DEVICE_FAMILY = "1,2";
			};
			name = Debug;
		};
		EC222DD22041F3EA0040DB18 /* Release */ = {
			isa = XCBuildConfiguration;
			baseConfigurationReference = 88B9F26AB8D38F44003EF6D2 /* Pods-SpaceApp.release.xcconfig */;
			buildSettings = {
				ASSETCATALOG_COMPILER_APPICON_NAME = AppIcon;
				CODE_SIGN_STYLE = Automatic;
				INFOPLIST_FILE = SpaceApp/Info.plist;
				LD_RUNPATH_SEARCH_PATHS = "$(inherited) @executable_path/Frameworks";
				PRODUCT_BUNDLE_IDENTIFIER = LAH.SpaceApp;
				PRODUCT_NAME = "$(TARGET_NAME)";
				SWIFT_VERSION = 4.0;
				TARGETED_DEVICE_FAMILY = "1,2";
			};
			name = Release;
		};
		EC222DD42041F3EA0040DB18 /* Debug */ = {
			isa = XCBuildConfiguration;
			baseConfigurationReference = D022AD794E509E87D71F8DB9 /* Pods-SpaceAppTests.debug.xcconfig */;
			buildSettings = {
				ALWAYS_EMBED_SWIFT_STANDARD_LIBRARIES = YES;
				BUNDLE_LOADER = "$(TEST_HOST)";
				CODE_SIGN_STYLE = Automatic;
				INFOPLIST_FILE = SpaceAppTests/Info.plist;
				LD_RUNPATH_SEARCH_PATHS = "$(inherited) @executable_path/Frameworks @loader_path/Frameworks";
				PRODUCT_BUNDLE_IDENTIFIER = LAH.SpaceAppTests;
				PRODUCT_NAME = "$(TARGET_NAME)";
				SWIFT_VERSION = 4.0;
				TARGETED_DEVICE_FAMILY = "1,2";
				TEST_HOST = "$(BUILT_PRODUCTS_DIR)/SpaceApp.app/SpaceApp";
			};
			name = Debug;
		};
		EC222DD52041F3EA0040DB18 /* Release */ = {
			isa = XCBuildConfiguration;
			baseConfigurationReference = A441BA1718603CBD238BCF7D /* Pods-SpaceAppTests.release.xcconfig */;
			buildSettings = {
				ALWAYS_EMBED_SWIFT_STANDARD_LIBRARIES = YES;
				BUNDLE_LOADER = "$(TEST_HOST)";
				CODE_SIGN_STYLE = Automatic;
				INFOPLIST_FILE = SpaceAppTests/Info.plist;
				LD_RUNPATH_SEARCH_PATHS = "$(inherited) @executable_path/Frameworks @loader_path/Frameworks";
				PRODUCT_BUNDLE_IDENTIFIER = LAH.SpaceAppTests;
				PRODUCT_NAME = "$(TARGET_NAME)";
				SWIFT_VERSION = 4.0;
				TARGETED_DEVICE_FAMILY = "1,2";
				TEST_HOST = "$(BUILT_PRODUCTS_DIR)/SpaceApp.app/SpaceApp";
			};
			name = Release;
		};
		EC222DD72041F3EA0040DB18 /* Debug */ = {
			isa = XCBuildConfiguration;
			buildSettings = {
				ALWAYS_EMBED_SWIFT_STANDARD_LIBRARIES = YES;
				CODE_SIGN_STYLE = Automatic;
				INFOPLIST_FILE = SpaceAppUITests/Info.plist;
				LD_RUNPATH_SEARCH_PATHS = "$(inherited) @executable_path/Frameworks @loader_path/Frameworks";
				PRODUCT_BUNDLE_IDENTIFIER = LAH.SpaceAppUITests;
				PRODUCT_NAME = "$(TARGET_NAME)";
				SWIFT_VERSION = 4.0;
				TARGETED_DEVICE_FAMILY = "1,2";
				TEST_TARGET_NAME = SpaceApp;
			};
			name = Debug;
		};
		EC222DD82041F3EA0040DB18 /* Release */ = {
			isa = XCBuildConfiguration;
			buildSettings = {
				ALWAYS_EMBED_SWIFT_STANDARD_LIBRARIES = YES;
				CODE_SIGN_STYLE = Automatic;
				INFOPLIST_FILE = SpaceAppUITests/Info.plist;
				LD_RUNPATH_SEARCH_PATHS = "$(inherited) @executable_path/Frameworks @loader_path/Frameworks";
				PRODUCT_BUNDLE_IDENTIFIER = LAH.SpaceAppUITests;
				PRODUCT_NAME = "$(TARGET_NAME)";
				SWIFT_VERSION = 4.0;
				TARGETED_DEVICE_FAMILY = "1,2";
				TEST_TARGET_NAME = SpaceApp;
			};
			name = Release;
		};
/* End XCBuildConfiguration section */

/* Begin XCConfigurationList section */
		EC222DA32041F3EA0040DB18 /* Build configuration list for PBXProject "SpaceApp" */ = {
			isa = XCConfigurationList;
			buildConfigurations = (
				EC222DCE2041F3EA0040DB18 /* Debug */,
				EC222DCF2041F3EA0040DB18 /* Release */,
			);
			defaultConfigurationIsVisible = 0;
			defaultConfigurationName = Release;
		};
		EC222DD02041F3EA0040DB18 /* Build configuration list for PBXNativeTarget "SpaceApp" */ = {
			isa = XCConfigurationList;
			buildConfigurations = (
				EC222DD12041F3EA0040DB18 /* Debug */,
				EC222DD22041F3EA0040DB18 /* Release */,
			);
			defaultConfigurationIsVisible = 0;
			defaultConfigurationName = Release;
		};
		EC222DD32041F3EA0040DB18 /* Build configuration list for PBXNativeTarget "SpaceAppTests" */ = {
			isa = XCConfigurationList;
			buildConfigurations = (
				EC222DD42041F3EA0040DB18 /* Debug */,
				EC222DD52041F3EA0040DB18 /* Release */,
			);
			defaultConfigurationIsVisible = 0;
			defaultConfigurationName = Release;
		};
		EC222DD62041F3EA0040DB18 /* Build configuration list for PBXNativeTarget "SpaceAppUITests" */ = {
			isa = XCConfigurationList;
			buildConfigurations = (
				EC222DD72041F3EA0040DB18 /* Debug */,
				EC222DD82041F3EA0040DB18 /* Release */,
			);
			defaultConfigurationIsVisible = 0;
			defaultConfigurationName = Release;
		};
/* End XCConfigurationList section */
	};
	rootObject = EC222DA02041F3EA0040DB18 /* Project object */;
}
